
Microsoft Visual Studio Solution File, Format Version 12.00
# Visual Studio 15
VisualStudioVersion = 15.0.26124.0
MinimumVisualStudioVersion = 15.0.26124.0
Project("{FAE04EC0-301F-11D3-BF4B-00C04F79EFBC}") = "Bookish.Worker.Host", "Bookish.Worker.Host\Bookish.Worker.Host.csproj", "{142C2BB9-FB55-4C45-B70F-9D5D1DD49EA7}"
EndProject
Project("{FAE04EC0-301F-11D3-BF4B-00C04F79EFBC}") = "Bookish.Worker.Domain", "Bookish.Worker.Domain\Bookish.Worker.Domain.csproj", "{67B35CF7-CAB7-45D0-A347-48A770E86C6C}"
EndProject
Global
	GlobalSection(SolutionConfigurationPlatforms) = preSolution
		Debug|Any CPU = Debug|Any CPU
		Debug|x64 = Debug|x64
		Debug|x86 = Debug|x86
		Release|Any CPU = Release|Any CPU
		Release|x64 = Release|x64
		Release|x86 = Release|x86
	EndGlobalSection
	GlobalSection(SolutionProperties) = preSolution
		HideSolutionNode = FALSE
	EndGlobalSection
	GlobalSection(ProjectConfigurationPlatforms) = postSolution
		{142C2BB9-FB55-4C45-B70F-9D5D1DD49EA7}.Debug|Any CPU.ActiveCfg = Debug|Any CPU
		{142C2BB9-FB55-4C45-B70F-9D5D1DD49EA7}.Debug|Any CPU.Build.0 = Debug|Any CPU
		{142C2BB9-FB55-4C45-B70F-9D5D1DD49EA7}.Debug|x64.ActiveCfg = Debug|Any CPU
		{142C2BB9-FB55-4C45-B70F-9D5D1DD49EA7}.Debug|x64.Build.0 = Debug|Any CPU
		{142C2BB9-FB55-4C45-B70F-9D5D1DD49EA7}.Debug|x86.ActiveCfg = Debug|Any CPU
		{142C2BB9-FB55-4C45-B70F-9D5D1DD49EA7}.Debug|x86.Build.0 = Debug|Any CPU
		{142C2BB9-FB55-4C45-B70F-9D5D1DD49EA7}.Release|Any CPU.ActiveCfg = Release|Any CPU
		{142C2BB9-FB55-4C45-B70F-9D5D1DD49EA7}.Release|Any CPU.Build.0 = Release|Any CPU
		{142C2BB9-FB55-4C45-B70F-9D5D1DD49EA7}.Release|x64.ActiveCfg = Release|Any CPU
		{142C2BB9-FB55-4C45-B70F-9D5D1DD49EA7}.Release|x64.Build.0 = Release|Any CPU
		{142C2BB9-FB55-4C45-B70F-9D5D1DD49EA7}.Release|x86.ActiveCfg = Release|Any CPU
		{142C2BB9-FB55-4C45-B70F-9D5D1DD49EA7}.Release|x86.Build.0 = Release|Any CPU
		{67B35CF7-CAB7-45D0-A347-48A770E86C6C}.Debug|Any CPU.ActiveCfg = Debug|Any CPU
		{67B35CF7-CAB7-45D0-A347-48A770E86C6C}.Debug|Any CPU.Build.0 = Debug|Any CPU
		{67B35CF7-CAB7-45D0-A347-48A770E86C6C}.Debug|x64.ActiveCfg = Debug|Any CPU
		{67B35CF7-CAB7-45D0-A347-48A770E86C6C}.Debug|x64.Build.0 = Debug|Any CPU
		{67B35CF7-CAB7-45D0-A347-48A770E86C6C}.Debug|x86.ActiveCfg = Debug|Any CPU
		{67B35CF7-CAB7-45D0-A347-48A770E86C6C}.Debug|x86.Build.0 = Debug|Any CPU
		{67B35CF7-CAB7-45D0-A347-48A770E86C6C}.Release|Any CPU.ActiveCfg = Release|Any CPU
		{67B35CF7-CAB7-45D0-A347-48A770E86C6C}.Release|Any CPU.Build.0 = Release|Any CPU
		{67B35CF7-CAB7-45D0-A347-48A770E86C6C}.Release|x64.ActiveCfg = Release|Any CPU
		{67B35CF7-CAB7-45D0-A347-48A770E86C6C}.Release|x64.Build.0 = Release|Any CPU
		{67B35CF7-CAB7-45D0-A347-48A770E86C6C}.Release|x86.ActiveCfg = Release|Any CPU
		{67B35CF7-CAB7-45D0-A347-48A770E86C6C}.Release|x86.Build.0 = Release|Any CPU
	EndGlobalSection
EndGlobal
